
Microsoft Visual Studio Solution File, Format Version 12.00
# Visual Studio 2013
VisualStudioVersion = 12.0.40629.0
MinimumVisualStudioVersion = 10.0.40219.1
Project("{FAE04EC0-301F-11D3-BF4B-00C04F79EFBC}") = "BackBaseTask", "BackBaseTask\BackBaseTask.csproj", "{6BFC9694-8AD5-4C77-8FDE-AC172611D997}"
EndProject
Project("{2150E333-8FDC-42A3-9474-1A3956D46DE8}") = ".nuget", ".nuget", "{4C53E30F-1B11-4305-8669-884D410F9B90}"
	ProjectSection(SolutionItems) = preProject
		.nuget\packages.config = .nuget\packages.config
	EndProjectSection
EndProject
Project("{2150E333-8FDC-42A3-9474-1A3956D46DE8}") = "Solution Items", "Solution Items", "{95580032-1151-4643-9C56-F3F97FA05757}"
	ProjectSection(SolutionItems) = preProject
		PerformanceAndLoadTest\backbase_test.jmx = PerformanceAndLoadTest\backbase_test.jmx
	EndProjectSection
EndProject
Global
	GlobalSection(SolutionConfigurationPlatforms) = preSolution
		Debug|Any CPU = Debug|Any CPU
		Release|Any CPU = Release|Any CPU
	EndGlobalSection
	GlobalSection(ProjectConfigurationPlatforms) = postSolution
		{6BFC9694-8AD5-4C77-8FDE-AC172611D997}.Debug|Any CPU.ActiveCfg = Debug|Any CPU
		{6BFC9694-8AD5-4C77-8FDE-AC172611D997}.Debug|Any CPU.Build.0 = Debug|Any CPU
		{6BFC9694-8AD5-4C77-8FDE-AC172611D997}.Release|Any CPU.ActiveCfg = Release|Any CPU
		{6BFC9694-8AD5-4C77-8FDE-AC172611D997}.Release|Any CPU.Build.0 = Release|Any CPU
	EndGlobalSection
	GlobalSection(SolutionProperties) = preSolution
		HideSolutionNode = FALSE
	EndGlobalSection
EndGlobal
